
Microsoft Visual Studio Solution File, Format Version 12.00
# Visual Studio 2012
Project("{FAE04EC0-301F-11D3-BF4B-00C04F79EFBC}") = "NStack", "NStack\NStack.csproj", "{844D229D-99C7-46EE-879A-730F115BA309}"
EndProject
Global
	GlobalSection(SolutionConfigurationPlatforms) = preSolution
		Debug|Any CPU = Debug|Any CPU
		Release|Any CPU = Release|Any CPU
	EndGlobalSection
	GlobalSection(ProjectConfigurationPlatforms) = postSolution
		{844D229D-99C7-46EE-879A-730F115BA309}.Debug|Any CPU.ActiveCfg = Debug|Any CPU
		{844D229D-99C7-46EE-879A-730F115BA309}.Debug|Any CPU.Build.0 = Debug|Any CPU
		{844D229D-99C7-46EE-879A-730F115BA309}.Release|Any CPU.ActiveCfg = Release|Any CPU
		{844D229D-99C7-46EE-879A-730F115BA309}.Release|Any CPU.Build.0 = Release|Any CPU
	EndGlobalSection
EndGlobal
